{
  "version": 4,
  "terraform_version": "0.12.18",
  "serial": 110,
  "lineage": "1e89b9a7-fbd2-1d69-fdc6-3955657b15fb",
  "outputs": {},
  "resources": [
    {
      "module": "module.get_all_tasks_lambda",
      "mode": "data",
      "type": "archive_file",
      "name": "lambda_zip",
      "provider": "provider.archive",
      "instances": [
        {
          "schema_version": 0,
          "attributes": {
            "excludes": null,
            "id": "fde0aff4e58a5ec98a1f3085ca0b6635e26b569e",
            "output_base64sha256": "z7aOVpsMzWCDIv+TPR3v0cdhp0IjgOw8GOxCDLMGTek=",
            "output_md5": "98dbd3a1f61bebc5e8d658bb3863c665",
            "output_path": "/tmp/get-all-tasks-serverless-task-list.zip",
            "output_sha": "fde0aff4e58a5ec98a1f3085ca0b6635e26b569e",
            "output_size": 408,
            "source": [
              {
                "content": "import json\n\n\ndef lambda_handler(event, context):\n    return {\n        \"statusCode\": 200,\n        \"headers\": {\n            \"Access-Control-Allow-Origin\": \"*\",\n        },\n        \"body\": json.dumps([\n            {\"description\": \"Pay Bills\", \"isCompleted\": False},\n            {\"description\": \"Go Shopping\", \"isCompleted\": False},\n            {\"description\": \"See the Doctor\", \"isCompleted\": True},\n        ])\n    }\n",
                "filename": "get-all-tasks-serverless-task-list.py"
              }
            ],
            "source_content": null,
            "source_content_filename": null,
            "source_dir": null,
            "source_file": null,
            "type": "zip"
          }
        }
      ]
    },
    {
      "module": "module.get_all_tasks_lambda",
      "mode": "managed",
      "type": "aws_api_gateway_deployment",
      "name": "deploying_api_gateway",
      "provider": "provider.aws",
      "instances": [
        {
          "schema_version": 0,
          "attributes": {
            "created_date": "2020-01-03T16:09:19Z",
            "description": "",
            "execution_arn": "arn:aws:execute-api:eu-west-1:221221842155:polr58qmw6/default",
            "id": "s2bqqn",
            "invoke_url": "https://polr58qmw6.execute-api.eu-west-1.amazonaws.com/default",
            "rest_api_id": "polr58qmw6",
            "stage_description": null,
            "stage_name": "default",
            "variables": null
          },
          "private": "bnVsbA==",
          "dependencies": [
            "module.get_all_tasks_lambda.aws_api_gateway_integration.couple_api_and_lambda_get_all_tasks",
            "module.get_all_tasks_lambda.aws_api_gateway_method.rest_method_get_all_tasks",
            "module.get_all_tasks_lambda.aws_api_gateway_resource.tasks_resource",
            "module.get_all_tasks_lambda.aws_api_gateway_rest_api.api",
            "module.get_all_tasks_lambda.aws_iam_role.lambda-role",
            "module.get_all_tasks_lambda.aws_lambda_function.get_all_tasks_lambda"
          ]
        }
      ]
    },
    {
      "module": "module.get_all_tasks_lambda",
      "mode": "managed",
      "type": "aws_api_gateway_integration",
      "name": "couple_api_and_lambda_get_all_tasks",
      "provider": "provider.aws",
      "instances": [
        {
          "schema_version": 0,
          "attributes": {
            "cache_key_parameters": [],
            "cache_namespace": "xmwkdw",
            "connection_id": "",
            "connection_type": "INTERNET",
            "content_handling": "",
            "credentials": "",
            "http_method": "GET",
            "id": "agi-polr58qmw6-xmwkdw-GET",
            "integration_http_method": "POST",
            "passthrough_behavior": "WHEN_NO_MATCH",
            "request_parameters": {},
            "request_parameters_in_json": null,
            "request_templates": {},
            "resource_id": "xmwkdw",
            "rest_api_id": "polr58qmw6",
            "timeout_milliseconds": 29000,
            "type": "AWS_PROXY",
            "uri": "arn:aws:apigateway:eu-west-1:lambda:path/2015-03-31/functions/arn:aws:lambda:eu-west-1:221221842155:function:terraform-get-all-tasks-serverless-task-list/invocations"
          },
          "private": "bnVsbA==",
          "dependencies": [
            "module.get_all_tasks_lambda.aws_api_gateway_method.rest_method_get_all_tasks",
            "module.get_all_tasks_lambda.aws_api_gateway_resource.tasks_resource",
            "module.get_all_tasks_lambda.aws_api_gateway_rest_api.api",
            "module.get_all_tasks_lambda.aws_iam_role.lambda-role",
            "module.get_all_tasks_lambda.aws_lambda_function.get_all_tasks_lambda"
          ]
        }
      ]
    },
    {
      "module": "module.get_all_tasks_lambda",
      "mode": "managed",
      "type": "aws_api_gateway_method",
      "name": "rest_method_get_all_tasks",
      "provider": "provider.aws",
      "instances": [
        {
          "schema_version": 0,
          "attributes": {
            "api_key_required": false,
            "authorization": "NONE",
            "authorization_scopes": [],
            "authorizer_id": "",
            "http_method": "GET",
            "id": "agm-polr58qmw6-xmwkdw-GET",
            "request_models": {},
            "request_parameters": {},
            "request_parameters_in_json": null,
            "request_validator_id": "",
            "resource_id": "xmwkdw",
            "rest_api_id": "polr58qmw6"
          },
          "private": "bnVsbA==",
          "dependencies": [
            "module.get_all_tasks_lambda.aws_api_gateway_resource.tasks_resource",
            "module.get_all_tasks_lambda.aws_api_gateway_rest_api.api"
          ]
        }
      ]
    },
    {
      "module": "module.get_all_tasks_lambda",
      "mode": "managed",
      "type": "aws_api_gateway_resource",
      "name": "tasks_resource",
      "provider": "provider.aws",
      "instances": [
        {
          "schema_version": 0,
          "attributes": {
            "id": "xmwkdw",
            "parent_id": "hrgphz14g3",
            "path": "/tasks",
            "path_part": "tasks",
            "rest_api_id": "polr58qmw6"
          },
          "private": "bnVsbA==",
          "dependencies": [
            "module.get_all_tasks_lambda.aws_api_gateway_rest_api.api"
          ]
        }
      ]
    },
    {
      "module": "module.get_all_tasks_lambda",
      "mode": "managed",
      "type": "aws_api_gateway_rest_api",
      "name": "api",
      "provider": "provider.aws",
      "instances": [
        {
          "schema_version": 0,
          "attributes": {
            "api_key_source": "HEADER",
            "arn": "arn:aws:apigateway:eu-west-1::/restapis/polr58qmw6",
            "binary_media_types": [],
            "body": null,
            "created_date": "2020-01-03T16:08:36Z",
            "description": "",
            "endpoint_configuration": [
              {
                "types": [
                  "EDGE"
                ]
              }
            ],
            "execution_arn": "arn:aws:execute-api:eu-west-1:221221842155:polr58qmw6",
            "id": "polr58qmw6",
            "minimum_compression_size": -1,
            "name": "terraform-crud-experiment-api-gateway",
            "policy": "",
            "root_resource_id": "hrgphz14g3",
            "tags": {}
          },
          "private": "bnVsbA=="
        }
      ]
    },
    {
      "module": "module.get_all_tasks_lambda",
      "mode": "managed",
      "type": "aws_iam_policy",
      "name": "lambda-policy",
      "provider": "provider.aws",
      "instances": [
        {
          "schema_version": 0,
          "attributes": {
            "arn": "arn:aws:iam::221221842155:policy/terraform-crud-experiment-lambda-policy",
            "description": "A policy similar too Simple-microservice-permissions",
            "id": "arn:aws:iam::221221842155:policy/terraform-crud-experiment-lambda-policy",
            "name": "terraform-crud-experiment-lambda-policy",
            "name_prefix": null,
            "path": "/",
            "policy": "{\n  \"Version\": \"2012-10-17\",\n  \"Statement\": [\n    {\n      \"Action\": [\n        \"logs:CreateLogGroup\",\n        \"logs:CreateLogStream\",\n        \"logs:PutLogEvents\",\n        \"dynamodb:DeleteItem\",\n        \"dynamodb:GetItem\",\n        \"dynamodb:PutItem\",\n        \"dynamodb:Scan\",\n        \"dynamodb:UpdateItem\"\n      ],\n      \"Effect\": \"Allow\",\n      \"Resource\": \"*\"\n    }\n  ]\n}\n"
          },
          "private": "bnVsbA=="
        }
      ]
    },
    {
      "module": "module.get_all_tasks_lambda",
      "mode": "managed",
      "type": "aws_iam_role",
      "name": "lambda-role",
      "provider": "provider.aws",
      "instances": [
        {
          "schema_version": 0,
          "attributes": {
            "arn": "arn:aws:iam::221221842155:role/terraform-crud-experiment-lambda-role",
            "assume_role_policy": "{\"Version\":\"2012-10-17\",\"Statement\":[{\"Sid\":\"\",\"Effect\":\"Allow\",\"Principal\":{\"Service\":\"lambda.amazonaws.com\"},\"Action\":\"sts:AssumeRole\"}]}",
            "create_date": "2020-01-03T16:08:56Z",
            "description": "",
            "force_detach_policies": false,
            "id": "terraform-crud-experiment-lambda-role",
            "max_session_duration": 3600,
            "name": "terraform-crud-experiment-lambda-role",
            "name_prefix": null,
            "path": "/",
            "permissions_boundary": null,
            "tags": {},
            "unique_id": "AROATHAOZNTV3WSHQTF7C"
          },
          "private": "bnVsbA=="
        }
      ]
    },
    {
      "module": "module.get_all_tasks_lambda",
      "mode": "managed",
      "type": "aws_iam_role_policy_attachment",
      "name": "attach-lambda-role-and-policy",
      "provider": "provider.aws",
      "instances": [
        {
          "schema_version": 0,
          "attributes": {
            "id": "terraform-crud-experiment-lambda-role-20200103160857961300000001",
            "policy_arn": "arn:aws:iam::221221842155:policy/terraform-crud-experiment-lambda-policy",
            "role": "terraform-crud-experiment-lambda-role"
          },
          "private": "bnVsbA==",
          "dependencies": [
            "module.get_all_tasks_lambda.aws_iam_policy.lambda-policy",
            "module.get_all_tasks_lambda.aws_iam_role.lambda-role"
          ]
        }
      ]
    },
    {
      "module": "module.get_all_tasks_lambda",
      "mode": "managed",
      "type": "aws_lambda_function",
      "name": "get_all_tasks_lambda",
      "provider": "provider.aws",
      "instances": [
        {
          "schema_version": 0,
          "attributes": {
            "arn": "arn:aws:lambda:eu-west-1:221221842155:function:terraform-get-all-tasks-serverless-task-list",
            "dead_letter_config": [],
            "description": "",
            "environment": [],
            "filename": "/tmp/get-all-tasks-serverless-task-list.zip",
            "function_name": "terraform-get-all-tasks-serverless-task-list",
            "handler": "get-all-tasks-serverless-task-list.lambda_handler",
            "id": "terraform-get-all-tasks-serverless-task-list",
            "invoke_arn": "arn:aws:apigateway:eu-west-1:lambda:path/2015-03-31/functions/arn:aws:lambda:eu-west-1:221221842155:function:terraform-get-all-tasks-serverless-task-list/invocations",
            "kms_key_arn": "",
            "last_modified": "2020-01-03T16:09:19.364+0000",
            "layers": [],
            "memory_size": 128,
            "publish": false,
            "qualified_arn": "arn:aws:lambda:eu-west-1:221221842155:function:terraform-get-all-tasks-serverless-task-list:$LATEST",
            "reserved_concurrent_executions": -1,
            "role": "arn:aws:iam::221221842155:role/terraform-crud-experiment-lambda-role",
            "runtime": "python3.8",
            "s3_bucket": null,
            "s3_key": null,
            "s3_object_version": null,
            "source_code_hash": "z7aOVpsMzWCDIv+TPR3v0cdhp0IjgOw8GOxCDLMGTek=",
            "source_code_size": 408,
            "tags": {},
            "timeout": 3,
            "timeouts": null,
            "tracing_config": [
              {
                "mode": "PassThrough"
              }
            ],
            "version": "$LATEST",
            "vpc_config": []
          },
          "private": "eyJlMmJmYjczMC1lY2FhLTExZTYtOGY4OC0zNDM2M2JjN2M0YzAiOnsiY3JlYXRlIjo2MDAwMDAwMDAwMDB9fQ==",
          "dependencies": [
            "module.get_all_tasks_lambda.aws_iam_role.lambda-role"
          ]
        }
      ]
    },
    {
      "module": "module.get_all_tasks_lambda",
      "mode": "managed",
      "type": "aws_lambda_permission",
      "name": "api_lambda_permission",
      "provider": "provider.aws",
      "instances": [
        {
          "schema_version": 0,
          "attributes": {
            "action": "lambda:InvokeFunction",
            "event_source_token": null,
            "function_name": "terraform-get-all-tasks-serverless-task-list",
            "id": "AllowAPIGatewayInvoke",
            "principal": "apigateway.amazonaws.com",
            "qualifier": "",
            "source_account": null,
            "source_arn": "arn:aws:execute-api:eu-west-1:221221842155:polr58qmw6/*/*",
            "statement_id": "AllowAPIGatewayInvoke",
            "statement_id_prefix": null
          },
          "private": "bnVsbA==",
          "dependencies": [
            "module.get_all_tasks_lambda.aws_api_gateway_rest_api.api",
            "module.get_all_tasks_lambda.aws_iam_role.lambda-role",
            "module.get_all_tasks_lambda.aws_lambda_function.get_all_tasks_lambda"
          ]
        }
      ]
    },
    {
      "module": "module.s3-front-end-deploy",
      "mode": "managed",
      "type": "aws_s3_bucket",
      "name": "s3-static-bucket",
      "provider": "provider.aws",
      "instances": [
        {
          "schema_version": 0,
          "attributes": {
            "acceleration_status": "",
            "acl": "public-read",
            "arn": "arn:aws:s3:::terraform-crud-experiment-bucket",
            "bucket": "terraform-crud-experiment-bucket",
            "bucket_domain_name": "terraform-crud-experiment-bucket.s3.amazonaws.com",
            "bucket_prefix": null,
            "bucket_regional_domain_name": "terraform-crud-experiment-bucket.s3.eu-west-1.amazonaws.com",
            "cors_rule": [],
            "force_destroy": false,
            "hosted_zone_id": "Z1BKCTXD74EZPE",
            "id": "terraform-crud-experiment-bucket",
            "lifecycle_rule": [],
            "logging": [],
            "object_lock_configuration": [],
            "policy": "{\"Statement\":[{\"Action\":\"s3:GetObject\",\"Effect\":\"Allow\",\"Principal\":{\"AWS\":\"*\"},\"Resource\":\"arn:aws:s3:::terraform-crud-experiment-bucket/*\",\"Sid\":\"AllowPublicRead\"}],\"Version\":\"2008-10-17\"}",
            "region": "eu-west-1",
            "replication_configuration": [],
            "request_payer": "BucketOwner",
            "server_side_encryption_configuration": [],
            "tags": {},
            "versioning": [
              {
                "enabled": false,
                "mfa_delete": false
              }
            ],
            "website": [
              {
                "error_document": "error.html",
                "index_document": "index.html",
                "redirect_all_requests_to": "",
                "routing_rules": ""
              }
            ],
            "website_domain": "s3-website-eu-west-1.amazonaws.com",
            "website_endpoint": "terraform-crud-experiment-bucket.s3-website-eu-west-1.amazonaws.com"
          },
          "private": "bnVsbA=="
        }
      ]
    },
    {
      "module": "module.s3-front-end-deploy",
      "mode": "managed",
      "type": "aws_s3_bucket_object",
      "name": "error-file",
      "provider": "provider.aws",
      "instances": [
        {
          "schema_version": 0,
          "attributes": {
            "acl": "private",
            "bucket": "terraform-crud-experiment-bucket",
            "cache_control": "",
            "content": null,
            "content_base64": null,
            "content_disposition": "",
            "content_encoding": "",
            "content_language": "",
            "content_type": "text/html",
            "etag": "fdd14a4ce1a8ab1c33c2d1c83878df23",
            "force_destroy": false,
            "id": "error.html",
            "key": "error.html",
            "kms_key_id": null,
            "metadata": {},
            "object_lock_legal_hold_status": "",
            "object_lock_mode": "",
            "object_lock_retain_until_date": "",
            "server_side_encryption": "",
            "source": "./resources/error.html",
            "storage_class": "STANDARD",
            "tags": {},
            "version_id": "",
            "website_redirect": ""
          },
          "private": "bnVsbA=="
        }
      ]
    },
    {
      "module": "module.s3-front-end-deploy",
      "mode": "managed",
      "type": "aws_s3_bucket_object",
      "name": "index-file",
      "provider": "provider.aws",
      "instances": [
        {
          "schema_version": 0,
          "attributes": {
            "acl": "private",
            "bucket": "terraform-crud-experiment-bucket",
            "cache_control": "",
            "content": "\u003chtml\u003e\n\u003cbody\u003e\n\u003cdiv style=\"width: 400px; margin: 100px auto 0;\"\u003e\n    \u003cinput id=\"new-task\" type=\"text\"\u003e\n    \u003cbutton id=\"add-new-task\"\u003eAdd task\u003c/button\u003e\n    \u003ch3\u003eTasks:\u003c/h3\u003e\n    \u003cdiv id=\"tasks-holder\"\u003e\u003c/div\u003e\n\u003c/div\u003e\n\u003cscript\u003e\n    const addTask = function () {\n        renderTaskElement(document.getElementById(\"new-task\").value, false);\n        document.getElementById(\"new-task\").value = \"\";\n    };\n    document.getElementById(\"add-new-task\").addEventListener(\"click\", addTask);\n\n    const renderTaskElement = function (description, isCompleted) {\n        const listItem = document.createElement(\"div\");\n\n        const checkBox = document.createElement(\"input\");\n        checkBox.type = \"checkBox\";\n        checkBox.onchange = toggleTaskState;\n        checkBox.checked = isCompleted;\n        listItem.appendChild(checkBox);\n\n        const deleteButton = document.createElement(\"button\");\n        deleteButton.innerText = \"X\";\n        deleteButton.onclick = deleteTask;\n        listItem.appendChild(deleteButton);\n\n        listItem.appendChild(document.createTextNode(description));\n        listItem.style.textDecoration = isCompleted ? \"line-through\" : \"none\";\n\n        document.getElementById(\"tasks-holder\").appendChild(listItem);\n    };\n\n    const deleteTask = function () {\n        const listItem = this.parentNode;\n        const taskHolder = listItem.parentNode;\n        taskHolder.removeChild(listItem);\n    };\n\n    const toggleTaskState = function () {\n        if (this.parentNode.querySelector('input[type=\"checkbox\"]').checked)\n            this.parentNode.style.textDecoration = \"line-through\";\n        else\n            this.parentNode.style.textDecoration = \"none\";\n    };\n\n    var xhttp = new XMLHttpRequest();\n    xhttp.onreadystatechange = function () {\n        if (this.readyState == 4 \u0026\u0026 this.status == 200) {\n            let tasks = JSON.parse(this.response);\n            for (let i = 0; i \u003c tasks.length; i++)\n                renderTaskElement(tasks[i].description, tasks[i].isCompleted)\n        }\n    };\n    xhttp.open(\"GET\", \"https://polr58qmw6.execute-api.eu-west-1.amazonaws.com/default/tasks\", true);\n    xhttp.send();\n\u003c/script\u003e\n\u003c/body\u003e\n\u003c/html\u003e",
            "content_base64": null,
            "content_disposition": "",
            "content_encoding": "",
            "content_language": "",
            "content_type": "text/html",
            "etag": "0a845a384dee713ab83591b50ed7f849",
            "force_destroy": false,
            "id": "index.html",
            "key": "index.html",
            "kms_key_id": null,
            "metadata": {},
            "object_lock_legal_hold_status": "",
            "object_lock_mode": "",
            "object_lock_retain_until_date": "",
            "server_side_encryption": "",
            "source": null,
            "storage_class": "STANDARD",
            "tags": {},
            "version_id": "",
            "website_redirect": ""
          },
          "private": "bnVsbA==",
          "dependencies": [
            "module.get_all_tasks_lambda.aws_api_gateway_rest_api.api"
          ]
        }
      ]
    }
  ]
}
